
Microsoft Visual Studio Solution File, Format Version 12.00
# Visual Studio Version 17
VisualStudioVersion = 17.5.33627.172
MinimumVisualStudioVersion = 10.0.40219.1
Project("{FAE04EC0-301F-11D3-BF4B-00C04F79EFBC}") = "KHP-PowerWatch", "KHP-PowerWatch.csproj", "{2752A3FC-091A-480B-A45B-EB671FBB51A5}"
EndProject
Global
	GlobalSection(SolutionConfigurationPlatforms) = preSolution
		Debug|Any CPU = Debug|Any CPU
		Release|Any CPU = Release|Any CPU
	EndGlobalSection
	GlobalSection(ProjectConfigurationPlatforms) = postSolution
		{2752A3FC-091A-480B-A45B-EB671FBB51A5}.Debug|Any CPU.ActiveCfg = Debug|Any CPU
		{2752A3FC-091A-480B-A45B-EB671FBB51A5}.Debug|Any CPU.Build.0 = Debug|Any CPU
		{2752A3FC-091A-480B-A45B-EB671FBB51A5}.Release|Any CPU.ActiveCfg = Release|Any CPU
		{2752A3FC-091A-480B-A45B-EB671FBB51A5}.Release|Any CPU.Build.0 = Release|Any CPU
	EndGlobalSection
	GlobalSection(SolutionProperties) = preSolution
		HideSolutionNode = FALSE
	EndGlobalSection
	GlobalSection(ExtensibilityGlobals) = postSolution
		SolutionGuid = {0D7E5F01-E0D6-4F2B-B7E9-9F2C7BBE8569}
	EndGlobalSection
EndGlobal
